// !$*UTF8*$!
{
	archiveVersion = 1;
	classes = {
	};
	objectVersion = 50;
	objects = {

/* Begin PBXBuildFile section */
		B3C7970020E825430041C324 /* AppDelegate.swift in Sources */ = {isa = PBXBuildFile; fileRef = B3C796FF20E825430041C324 /* AppDelegate.swift */; };
		B3C7970220E825430041C324 /* ViewController.swift in Sources */ = {isa = PBXBuildFile; fileRef = B3C7970120E825430041C324 /* ViewController.swift */; };
		B3C7970520E825430041C324 /* Main.storyboard in Resources */ = {isa = PBXBuildFile; fileRef = B3C7970320E825430041C324 /* Main.storyboard */; };
		B3C7970720E825440041C324 /* Assets.xcassets in Resources */ = {isa = PBXBuildFile; fileRef = B3C7970620E825440041C324 /* Assets.xcassets */; };
		B3C7970A20E825440041C324 /* LaunchScreen.storyboard in Resources */ = {isa = PBXBuildFile; fileRef = B3C7970820E825440041C324 /* LaunchScreen.storyboard */; };
		B3C7971520E825440041C324 /* Cooking_TimerTests.swift in Sources */ = {isa = PBXBuildFile; fileRef = B3C7971420E825440041C324 /* Cooking_TimerTests.swift */; };
		B3C7972020E825440041C324 /* Cooking_TimerUITests.swift in Sources */ = {isa = PBXBuildFile; fileRef = B3C7971F20E825440041C324 /* Cooking_TimerUITests.swift */; };
/* End PBXBuildFile section */

/* Begin PBXContainerItemProxy section */
		B3C7971120E825440041C324 /* PBXContainerItemProxy */ = {
			isa = PBXContainerItemProxy;
			containerPortal = B3C796F420E825430041C324 /* Project object */;
			proxyType = 1;
			remoteGlobalIDString = B3C796FB20E825430041C324;
			remoteInfo = "Cooking Timer";
		};
		B3C7971C20E825440041C324 /* PBXContainerItemProxy */ = {
			isa = PBXContainerItemProxy;
			containerPortal = B3C796F420E825430041C324 /* Project object */;
			proxyType = 1;
			remoteGlobalIDString = B3C796FB20E825430041C324;
			remoteInfo = "Cooking Timer";
		};
/* End PBXContainerItemProxy section */

/* Begin PBXFileReference section */
		B3C796FC20E825430041C324 /* Cooking Timer.app */ = {isa = PBXFileReference; explicitFileType = wrapper.application; includeInIndex = 0; path = "Cooking Timer.app"; sourceTree = BUILT_PRODUCTS_DIR; };
		B3C796FF20E825430041C324 /* AppDelegate.swift */ = {isa = PBXFileReference; lastKnownFileType = sourcecode.swift; path = AppDelegate.swift; sourceTree = "<group>"; };
		B3C7970120E825430041C324 /* ViewController.swift */ = {isa = PBXFileReference; lastKnownFileType = sourcecode.swift; path = ViewController.swift; sourceTree = "<group>"; };
		B3C7970420E825430041C324 /* Base */ = {isa = PBXFileReference; lastKnownFileType = file.storyboard; name = Base; path = Base.lproj/Main.storyboard; sourceTree = "<group>"; };
		B3C7970620E825440041C324 /* Assets.xcassets */ = {isa = PBXFileReference; lastKnownFileType = folder.assetcatalog; path = Assets.xcassets; sourceTree = "<group>"; };
		B3C7970920E825440041C324 /* Base */ = {isa = PBXFileReference; lastKnownFileType = file.storyboard; name = Base; path = Base.lproj/LaunchScreen.storyboard; sourceTree = "<group>"; };
		B3C7970B20E825440041C324 /* Info.plist */ = {isa = PBXFileReference; lastKnownFileType = text.plist.xml; path = Info.plist; sourceTree = "<group>"; };
		B3C7971020E825440041C324 /* Cooking TimerTests.xctest */ = {isa = PBXFileReference; explicitFileType = wrapper.cfbundle; includeInIndex = 0; path = "Cooking TimerTests.xctest"; sourceTree = BUILT_PRODUCTS_DIR; };
		B3C7971420E825440041C324 /* Cooking_TimerTests.swift */ = {isa = PBXFileReference; lastKnownFileType = sourcecode.swift; path = Cooking_TimerTests.swift; sourceTree = "<group>"; };
		B3C7971620E825440041C324 /* Info.plist */ = {isa = PBXFileReference; lastKnownFileType = text.plist.xml; path = Info.plist; sourceTree = "<group>"; };
		B3C7971B20E825440041C324 /* Cooking TimerUITests.xctest */ = {isa = PBXFileReference; explicitFileType = wrapper.cfbundle; includeInIndex = 0; path = "Cooking TimerUITests.xctest"; sourceTree = BUILT_PRODUCTS_DIR; };
		B3C7971F20E825440041C324 /* Cooking_TimerUITests.swift */ = {isa = PBXFileReference; lastKnownFileType = sourcecode.swift; path = Cooking_TimerUITests.swift; sourceTree = "<group>"; };
		B3C7972120E825440041C324 /* Info.plist */ = {isa = PBXFileReference; lastKnownFileType = text.plist.xml; path = Info.plist; sourceTree = "<group>"; };
/* End PBXFileReference section */

/* Begin PBXFrameworksBuildPhase section */
		B3C796F920E825430041C324 /* Frameworks */ = {
			isa = PBXFrameworksBuildPhase;
			buildActionMask = 2147483647;
			files = (
			);
			runOnlyForDeploymentPostprocessing = 0;
		};
		B3C7970D20E825440041C324 /* Frameworks */ = {
			isa = PBXFrameworksBuildPhase;
			buildActionMask = 2147483647;
			files = (
			);
			runOnlyForDeploymentPostprocessing = 0;
		};
		B3C7971820E825440041C324 /* Frameworks */ = {
			isa = PBXFrameworksBuildPhase;
			buildActionMask = 2147483647;
			files = (
			);
			runOnlyForDeploymentPostprocessing = 0;
		};
/* End PBXFrameworksBuildPhase section */

/* Begin PBXGroup section */
		B3C796F320E825430041C324 = {
			isa = PBXGroup;
			children = (
				B3C796FE20E825430041C324 /* Cooking Timer */,
				B3C7971320E825440041C324 /* Cooking TimerTests */,
				B3C7971E20E825440041C324 /* Cooking TimerUITests */,
				B3C796FD20E825430041C324 /* Products */,
			);
			sourceTree = "<group>";
		};
		B3C796FD20E825430041C324 /* Products */ = {
			isa = PBXGroup;
			children = (
				B3C796FC20E825430041C324 /* Cooking Timer.app */,
				B3C7971020E825440041C324 /* Cooking TimerTests.xctest */,
				B3C7971B20E825440041C324 /* Cooking TimerUITests.xctest */,
			);
			name = Products;
			sourceTree = "<group>";
		};
		B3C796FE20E825430041C324 /* Cooking Timer */ = {
			isa = PBXGroup;
			children = (
				B3C796FF20E825430041C324 /* AppDelegate.swift */,
				B3C7970120E825430041C324 /* ViewController.swift */,
				B3C7970320E825430041C324 /* Main.storyboard */,
				B3C7970620E825440041C324 /* Assets.xcassets */,
				B3C7970820E825440041C324 /* LaunchScreen.storyboard */,
				B3C7970B20E825440041C324 /* Info.plist */,
			);
			path = "Cooking Timer";
			sourceTree = "<group>";
		};
		B3C7971320E825440041C324 /* Cooking TimerTests */ = {
			isa = PBXGroup;
			children = (
				B3C7971420E825440041C324 /* Cooking_TimerTests.swift */,
				B3C7971620E825440041C324 /* Info.plist */,
			);
			path = "Cooking TimerTests";
			sourceTree = "<group>";
		};
		B3C7971E20E825440041C324 /* Cooking TimerUITests */ = {
			isa = PBXGroup;
			children = (
				B3C7971F20E825440041C324 /* Cooking_TimerUITests.swift */,
				B3C7972120E825440041C324 /* Info.plist */,
			);
			path = "Cooking TimerUITests";
			sourceTree = "<group>";
		};
/* End PBXGroup section */

/* Begin PBXNativeTarget section */
		B3C796FB20E825430041C324 /* Cooking Timer */ = {
			isa = PBXNativeTarget;
			buildConfigurationList = B3C7972420E825440041C324 /* Build configuration list for PBXNativeTarget "Cooking Timer" */;
			buildPhases = (
				B3C796F820E825430041C324 /* Sources */,
				B3C796F920E825430041C324 /* Frameworks */,
				B3C796FA20E825430041C324 /* Resources */,
			);
			buildRules = (
			);
			dependencies = (
			);
			name = "Cooking Timer";
			productName = "Cooking Timer";
			productReference = B3C796FC20E825430041C324 /* Cooking Timer.app */;
			productType = "com.apple.product-type.application";
		};
		B3C7970F20E825440041C324 /* Cooking TimerTests */ = {
			isa = PBXNativeTarget;
			buildConfigurationList = B3C7972720E825440041C324 /* Build configuration list for PBXNativeTarget "Cooking TimerTests" */;
			buildPhases = (
				B3C7970C20E825440041C324 /* Sources */,
				B3C7970D20E825440041C324 /* Frameworks */,
				B3C7970E20E825440041C324 /* Resources */,
			);
			buildRules = (
			);
			dependencies = (
				B3C7971220E825440041C324 /* PBXTargetDependency */,
			);
			name = "Cooking TimerTests";
			productName = "Cooking TimerTests";
			productReference = B3C7971020E825440041C324 /* Cooking TimerTests.xctest */;
			productType = "com.apple.product-type.bundle.unit-test";
		};
		B3C7971A20E825440041C324 /* Cooking TimerUITests */ = {
			isa = PBXNativeTarget;
			buildConfigurationList = B3C7972A20E825440041C324 /* Build configuration list for PBXNativeTarget "Cooking TimerUITests" */;
			buildPhases = (
				B3C7971720E825440041C324 /* Sources */,
				B3C7971820E825440041C324 /* Frameworks */,
				B3C7971920E825440041C324 /* Resources */,
			);
			buildRules = (
			);
			dependencies = (
				B3C7971D20E825440041C324 /* PBXTargetDependency */,
			);
			name = "Cooking TimerUITests";
			productName = "Cooking TimerUITests";
			productReference = B3C7971B20E825440041C324 /* Cooking TimerUITests.xctest */;
			productType = "com.apple.product-type.bundle.ui-testing";
		};
/* End PBXNativeTarget section */

/* Begin PBXProject section */
		B3C796F420E825430041C324 /* Project object */ = {
			isa = PBXProject;
			attributes = {
				LastSwiftUpdateCheck = 0940;
				LastUpgradeCheck = 0940;
				ORGANIZATIONNAME = "Graham Nessler";
				TargetAttributes = {
					B3C796FB20E825430041C324 = {
						CreatedOnToolsVersion = 9.4.1;
					};
					B3C7970F20E825440041C324 = {
						CreatedOnToolsVersion = 9.4.1;
						TestTargetID = B3C796FB20E825430041C324;
					};
					B3C7971A20E825440041C324 = {
						CreatedOnToolsVersion = 9.4.1;
						TestTargetID = B3C796FB20E825430041C324;
					};
				};
			};
			buildConfigurationList = B3C796F720E825430041C324 /* Build configuration list for PBXProject "Cooking Timer" */;
			compatibilityVersion = "Xcode 9.3";
			developmentRegion = en;
			hasScannedForEncodings = 0;
			knownRegions = (
				en,
				Base,
			);
			mainGroup = B3C796F320E825430041C324;
			productRefGroup = B3C796FD20E825430041C324 /* Products */;
			projectDirPath = "";
			projectRoot = "";
			targets = (
				B3C796FB20E825430041C324 /* Cooking Timer */,
				B3C7970F20E825440041C324 /* Cooking TimerTests */,
				B3C7971A20E825440041C324 /* Cooking TimerUITests */,
			);
		};
/* End PBXProject section */

/* Begin PBXResourcesBuildPhase section */
		B3C796FA20E825430041C324 /* Resources */ = {
			isa = PBXResourcesBuildPhase;
			buildActionMask = 2147483647;
			files = (
				B3C7970A20E825440041C324 /* LaunchScreen.storyboard in Resources */,
				B3C7970720E825440041C324 /* Assets.xcassets in Resources */,
				B3C7970520E825430041C324 /* Main.storyboard in Resources */,
			);
			runOnlyForDeploymentPostprocessing = 0;
		};
		B3C7970E20E825440041C324 /* Resources */ = {
			isa = PBXResourcesBuildPhase;
			buildActionMask = 2147483647;
			files = (
			);
			runOnlyForDeploymentPostprocessing = 0;
		};
		B3C7971920E825440041C324 /* Resources */ = {
			isa = PBXResourcesBuildPhase;
			buildActionMask = 2147483647;
			files = (
			);
			runOnlyForDeploymentPostprocessing = 0;
		};
/* End PBXResourcesBuildPhase section */

/* Begin PBXSourcesBuildPhase section */
		B3C796F820E825430041C324 /* Sources */ = {
			isa = PBXSourcesBuildPhase;
			buildActionMask = 2147483647;
			files = (
				B3C7970220E825430041C324 /* ViewController.swift in Sources */,
				B3C7970020E825430041C324 /* AppDelegate.swift in Sources */,
			);
			runOnlyForDeploymentPostprocessing = 0;
		};
		B3C7970C20E825440041C324 /* Sources */ = {
			isa = PBXSourcesBuildPhase;
			buildActionMask = 2147483647;
			files = (
				B3C7971520E825440041C324 /* Cooking_TimerTests.swift in Sources */,
			);
			runOnlyForDeploymentPostprocessing = 0;
		};
		B3C7971720E825440041C324 /* Sources */ = {
			isa = PBXSourcesBuildPhase;
			buildActionMask = 2147483647;
			files = (
				B3C7972020E825440041C324 /* Cooking_TimerUITests.swift in Sources */,
			);
			runOnlyForDeploymentPostprocessing = 0;
		};
/* End PBXSourcesBuildPhase section */

/* Begin PBXTargetDependency section */
		B3C7971220E825440041C324 /* PBXTargetDependency */ = {
			isa = PBXTargetDependency;
			target = B3C796FB20E825430041C324 /* Cooking Timer */;
			targetProxy = B3C7971120E825440041C324 /* PBXContainerItemProxy */;
		};
		B3C7971D20E825440041C324 /* PBXTargetDependency */ = {
			isa = PBXTargetDependency;
			target = B3C796FB20E825430041C324 /* Cooking Timer */;
			targetProxy = B3C7971C20E825440041C324 /* PBXContainerItemProxy */;
		};
/* End PBXTargetDependency section */

/* Begin PBXVariantGroup section */
		B3C7970320E825430041C324 /* Main.storyboard */ = {
			isa = PBXVariantGroup;
			children = (
				B3C7970420E825430041C324 /* Base */,
			);
			name = Main.storyboard;
			sourceTree = "<group>";
		};
		B3C7970820E825440041C324 /* LaunchScreen.storyboard */ = {
			isa = PBXVariantGroup;
			children = (
				B3C7970920E825440041C324 /* Base */,
			);
			name = LaunchScreen.storyboard;
			sourceTree = "<group>";
		};
/* End PBXVariantGroup section */

/* Begin XCBuildConfiguration section */
		B3C7972220E825440041C324 /* Debug */ = {
			isa = XCBuildConfiguration;
			buildSettings = {
				ALWAYS_SEARCH_USER_PATHS = NO;
				CLANG_ANALYZER_NONNULL = YES;
				CLANG_ANALYZER_NUMBER_OBJECT_CONVERSION = YES_AGGRESSIVE;
				CLANG_CXX_LANGUAGE_STANDARD = "gnu++14";
				CLANG_CXX_LIBRARY = "libc++";
				CLANG_ENABLE_MODULES = YES;
				CLANG_ENABLE_OBJC_ARC = YES;
				CLANG_ENABLE_OBJC_WEAK = YES;
				CLANG_WARN_BLOCK_CAPTURE_AUTORELEASING = YES;
				CLANG_WARN_BOOL_CONVERSION = YES;
				CLANG_WARN_COMMA = YES;
				CLANG_WARN_CONSTANT_CONVERSION = YES;
				CLANG_WARN_DEPRECATED_OBJC_IMPLEMENTATIONS = YES;
				CLANG_WARN_DIRECT_OBJC_ISA_USAGE = YES_ERROR;
				CLANG_WARN_DOCUMENTATION_COMMENTS = YES;
				CLANG_WARN_EMPTY_BODY = YES;
				CLANG_WARN_ENUM_CONVERSION = YES;
				CLANG_WARN_INFINITE_RECURSION = YES;
				CLANG_WARN_INT_CONVERSION = YES;
				CLANG_WARN_NON_LITERAL_NULL_CONVERSION = YES;
				CLANG_WARN_OBJC_IMPLICIT_RETAIN_SELF = YES;
				CLANG_WARN_OBJC_LITERAL_CONVERSION = YES;
				CLANG_WARN_OBJC_ROOT_CLASS = YES_ERROR;
				CLANG_WARN_RANGE_LOOP_ANALYSIS = YES;
				CLANG_WARN_STRICT_PROTOTYPES = YES;
				CLANG_WARN_SUSPICIOUS_MOVE = YES;
				CLANG_WARN_UNGUARDED_AVAILABILITY = YES_AGGRESSIVE;
				CLANG_WARN_UNREACHABLE_CODE = YES;
				CLANG_WARN__DUPLICATE_METHOD_MATCH = YES;
				CODE_SIGN_IDENTITY = "iPhone Developer";
				COPY_PHASE_STRIP = NO;
				DEBUG_INFORMATION_FORMAT = dwarf;
				ENABLE_STRICT_OBJC_MSGSEND = YES;
				ENABLE_TESTABILITY = YES;
				GCC_C_LANGUAGE_STANDARD = gnu11;
				GCC_DYNAMIC_NO_PIC = NO;
				GCC_NO_COMMON_BLOCKS = YES;
				GCC_OPTIMIZATION_LEVEL = 0;
				GCC_PREPROCESSOR_DEFINITIONS = (
					"DEBUG=1",
					"$(inherited)",
				);
				GCC_WARN_64_TO_32_BIT_CONVERSION = YES;
				GCC_WARN_ABOUT_RETURN_TYPE = YES_ERROR;
				GCC_WARN_UNDECLARED_SELECTOR = YES;
				GCC_WARN_UNINITIALIZED_AUTOS = YES_AGGRESSIVE;
				GCC_WARN_UNUSED_FUNCTION = YES;
				GCC_WARN_UNUSED_VARIABLE = YES;
				IPHONEOS_DEPLOYMENT_TARGET = 11.4;
				MTL_ENABLE_DEBUG_INFO = YES;
				ONLY_ACTIVE_ARCH = YES;
				SDKROOT = iphoneos;
				SWIFT_ACTIVE_COMPILATION_CONDITIONS = DEBUG;
				SWIFT_OPTIMIZATION_LEVEL = "-Onone";
			};
			name = Debug;
		};
		B3C7972320E825440041C324 /* Release */ = {
			isa = XCBuildConfiguration;
			buildSettings = {
				ALWAYS_SEARCH_USER_PATHS = NO;
				CLANG_ANALYZER_NONNULL = YES;
				CLANG_ANALYZER_NUMBER_OBJECT_CONVERSION = YES_AGGRESSIVE;
				CLANG_CXX_LANGUAGE_STANDARD = "gnu++14";
				CLANG_CXX_LIBRARY = "libc++";
				CLANG_ENABLE_MODULES = YES;
				CLANG_ENABLE_OBJC_ARC = YES;
				CLANG_ENABLE_OBJC_WEAK = YES;
				CLANG_WARN_BLOCK_CAPTURE_AUTORELEASING = YES;
				CLANG_WARN_BOOL_CONVERSION = YES;
				CLANG_WARN_COMMA = YES;
				CLANG_WARN_CONSTANT_CONVERSION = YES;
				CLANG_WARN_DEPRECATED_OBJC_IMPLEMENTATIONS = YES;
				CLANG_WARN_DIRECT_OBJC_ISA_USAGE = YES_ERROR;
				CLANG_WARN_DOCUMENTATION_COMMENTS = YES;
				CLANG_WARN_EMPTY_BODY = YES;
				CLANG_WARN_ENUM_CONVERSION = YES;
				CLANG_WARN_INFINITE_RECURSION = YES;
				CLANG_WARN_INT_CONVERSION = YES;
				CLANG_WARN_NON_LITERAL_NULL_CONVERSION = YES;
				CLANG_WARN_OBJC_IMPLICIT_RETAIN_SELF = YES;
				CLANG_WARN_OBJC_LITERAL_CONVERSION = YES;
				CLANG_WARN_OBJC_ROOT_CLASS = YES_ERROR;
				CLANG_WARN_RANGE_LOOP_ANALYSIS = YES;
				CLANG_WARN_STRICT_PROTOTYPES = YES;
				CLANG_WARN_SUSPICIOUS_MOVE = YES;
				CLANG_WARN_UNGUARDED_AVAILABILITY = YES_AGGRESSIVE;
				CLANG_WARN_UNREACHABLE_CODE = YES;
				CLANG_WARN__DUPLICATE_METHOD_MATCH = YES;
				CODE_SIGN_IDENTITY = "iPhone Developer";
				COPY_PHASE_STRIP = NO;
				DEBUG_INFORMATION_FORMAT = "dwarf-with-dsym";
				ENABLE_NS_ASSERTIONS = NO;
				ENABLE_STRICT_OBJC_MSGSEND = YES;
				GCC_C_LANGUAGE_STANDARD = gnu11;
				GCC_NO_COMMON_BLOCKS = YES;
				GCC_WARN_64_TO_32_BIT_CONVERSION = YES;
				GCC_WARN_ABOUT_RETURN_TYPE = YES_ERROR;
				GCC_WARN_UNDECLARED_SELECTOR = YES;
				GCC_WARN_UNINITIALIZED_AUTOS = YES_AGGRESSIVE;
				GCC_WARN_UNUSED_FUNCTION = YES;
				GCC_WARN_UNUSED_VARIABLE = YES;
				IPHONEOS_DEPLOYMENT_TARGET = 11.4;
				MTL_ENABLE_DEBUG_INFO = NO;
				SDKROOT = iphoneos;
				SWIFT_COMPILATION_MODE = wholemodule;
				SWIFT_OPTIMIZATION_LEVEL = "-O";
				VALIDATE_PRODUCT = YES;
			};
			name = Release;
		};
		B3C7972520E825440041C324 /* Debug */ = {
			isa = XCBuildConfiguration;
			buildSettings = {
				ASSETCATALOG_COMPILER_APPICON_NAME = AppIcon;
				CODE_SIGN_STYLE = Automatic;
				DEVELOPMENT_TEAM = WKG6U728TC;
				INFOPLIST_FILE = "Cooking Timer/Info.plist";
				LD_RUNPATH_SEARCH_PATHS = (
					"$(inherited)",
					"@executable_path/Frameworks",
				);
				PRODUCT_BUNDLE_IDENTIFIER = "com.grahamnessler.Cooking-Timer";
				PRODUCT_NAME = "$(TARGET_NAME)";
				SWIFT_VERSION = 4.0;
				TARGETED_DEVICE_FAMILY = "1,2";
			};
			name = Debug;
		};
		B3C7972620E825440041C324 /* Release */ = {
			isa = XCBuildConfiguration;
			buildSettings = {
				ASSETCATALOG_COMPILER_APPICON_NAME = AppIcon;
				CODE_SIGN_STYLE = Automatic;
				DEVELOPMENT_TEAM = WKG6U728TC;
				INFOPLIST_FILE = "Cooking Timer/Info.plist";
				LD_RUNPATH_SEARCH_PATHS = (
					"$(inherited)",
					"@executable_path/Frameworks",
				);
				PRODUCT_BUNDLE_IDENTIFIER = "com.grahamnessler.Cooking-Timer";
				PRODUCT_NAME = "$(TARGET_NAME)";
				SWIFT_VERSION = 4.0;
				TARGETED_DEVICE_FAMILY = "1,2";
			};
			name = Release;
		};
		B3C7972820E825440041C324 /* Debug */ = {
			isa = XCBuildConfiguration;
			buildSettings = {
				ALWAYS_EMBED_SWIFT_STANDARD_LIBRARIES = YES;
				BUNDLE_LOADER = "$(TEST_HOST)";
				CODE_SIGN_STYLE = Automatic;
				DEVELOPMENT_TEAM = WKG6U728TC;
				INFOPLIST_FILE = "Cooking TimerTests/Info.plist";
				LD_RUNPATH_SEARCH_PATHS = (
					"$(inherited)",
					"@executable_path/Frameworks",
					"@loader_path/Frameworks",
				);
				PRODUCT_BUNDLE_IDENTIFIER = "com.grahamnessler.Cooking-TimerTests";
				PRODUCT_NAME = "$(TARGET_NAME)";
				SWIFT_VERSION = 4.0;
				TARGETED_DEVICE_FAMILY = "1,2";
				TEST_HOST = "$(BUILT_PRODUCTS_DIR)/Cooking Timer.app/Cooking Timer";
			};
			name = Debug;
		};
		B3C7972920E825440041C324 /* Release */ = {
			isa = XCBuildConfiguration;
			buildSettings = {
				ALWAYS_EMBED_SWIFT_STANDARD_LIBRARIES = YES;
				BUNDLE_LOADER = "$(TEST_HOST)";
				CODE_SIGN_STYLE = Automatic;
				DEVELOPMENT_TEAM = WKG6U728TC;
				INFOPLIST_FILE = "Cooking TimerTests/Info.plist";
				LD_RUNPATH_SEARCH_PATHS = (
					"$(inherited)",
					"@executable_path/Frameworks",
					"@loader_path/Frameworks",
				);
				PRODUCT_BUNDLE_IDENTIFIER = "com.grahamnessler.Cooking-TimerTests";
				PRODUCT_NAME = "$(TARGET_NAME)";
				SWIFT_VERSION = 4.0;
				TARGETED_DEVICE_FAMILY = "1,2";
				TEST_HOST = "$(BUILT_PRODUCTS_DIR)/Cooking Timer.app/Cooking Timer";
			};
			name = Release;
		};
		B3C7972B20E825440041C324 /* Debug */ = {
			isa = XCBuildConfiguration;
			buildSettings = {
				ALWAYS_EMBED_SWIFT_STANDARD_LIBRARIES = YES;
				CODE_SIGN_STYLE = Automatic;
				DEVELOPMENT_TEAM = WKG6U728TC;
				INFOPLIST_FILE = "Cooking TimerUITests/Info.plist";
				LD_RUNPATH_SEARCH_PATHS = (
					"$(inherited)",
					"@executable_path/Frameworks",
					"@loader_path/Frameworks",
				);
				PRODUCT_BUNDLE_IDENTIFIER = "com.grahamnessler.Cooking-TimerUITests";
				PRODUCT_NAME = "$(TARGET_NAME)";
				SWIFT_VERSION = 4.0;
				TARGETED_DEVICE_FAMILY = "1,2";
				TEST_TARGET_NAME = "Cooking Timer";
			};
			name = Debug;
		};
		B3C7972C20E825440041C324 /* Release */ = {
			isa = XCBuildConfiguration;
			buildSettings = {
				ALWAYS_EMBED_SWIFT_STANDARD_LIBRARIES = YES;
				CODE_SIGN_STYLE = Automatic;
				DEVELOPMENT_TEAM = WKG6U728TC;
				INFOPLIST_FILE = "Cooking TimerUITests/Info.plist";
				LD_RUNPATH_SEARCH_PATHS = (
					"$(inherited)",
					"@executable_path/Frameworks",
					"@loader_path/Frameworks",
				);
				PRODUCT_BUNDLE_IDENTIFIER = "com.grahamnessler.Cooking-TimerUITests";
				PRODUCT_NAME = "$(TARGET_NAME)";
				SWIFT_VERSION = 4.0;
				TARGETED_DEVICE_FAMILY = "1,2";
				TEST_TARGET_NAME = "Cooking Timer";
			};
			name = Release;
		};
/* End XCBuildConfiguration section */

/* Begin XCConfigurationList section */
		B3C796F720E825430041C324 /* Build configuration list for PBXProject "Cooking Timer" */ = {
			isa = XCConfigurationList;
			buildConfigurations = (
				B3C7972220E825440041C324 /* Debug */,
				B3C7972320E825440041C324 /* Release */,
			);
			defaultConfigurationIsVisible = 0;
			defaultConfigurationName = Release;
		};
		B3C7972420E825440041C324 /* Build configuration list for PBXNativeTarget "Cooking Timer" */ = {
			isa = XCConfigurationList;
			buildConfigurations = (
				B3C7972520E825440041C324 /* Debug */,
				B3C7972620E825440041C324 /* Release */,
			);
			defaultConfigurationIsVisible = 0;
			defaultConfigurationName = Release;
		};
		B3C7972720E825440041C324 /* Build configuration list for PBXNativeTarget "Cooking TimerTests" */ = {
			isa = XCConfigurationList;
			buildConfigurations = (
				B3C7972820E825440041C324 /* Debug */,
				B3C7972920E825440041C324 /* Release */,
			);
			defaultConfigurationIsVisible = 0;
			defaultConfigurationName = Release;
		};
		B3C7972A20E825440041C324 /* Build configuration list for PBXNativeTarget "Cooking TimerUITests" */ = {
			isa = XCConfigurationList;
			buildConfigurations = (
				B3C7972B20E825440041C324 /* Debug */,
				B3C7972C20E825440041C324 /* Release */,
			);
			defaultConfigurationIsVisible = 0;
			defaultConfigurationName = Release;
		};
/* End XCConfigurationList section */
	};
	rootObject = B3C796F420E825430041C324 /* Project object */;
}
